
Microsoft Visual Studio Solution File, Format Version 12.00
# Visual Studio Version 16
VisualStudioVersion = 16.0.30907.101
MinimumVisualStudioVersion = 10.0.40219.1
Project("{9A19103F-16F7-4668-BE54-9A1E7A4F7556}") = "Gateway", "Gateway\Gateway.csproj", "{7FDC7D92-4CF0-47C4-AFDD-E97FA690FC97}"
EndProject
Project("{9A19103F-16F7-4668-BE54-9A1E7A4F7556}") = "Identity", "Identity\Identity.csproj", "{93582305-4D25-48E0-AF53-CFC019B5BC9E}"
EndProject
Project("{9A19103F-16F7-4668-BE54-9A1E7A4F7556}") = "Enrollment", "Enrollment\Enrollment.csproj", "{AD1CC8D2-C0C0-4E4F-BB3B-0012ECFB2177}"
EndProject
Project("{9A19103F-16F7-4668-BE54-9A1E7A4F7556}") = "Subscription", "Subscription\Subscription.csproj", "{A9D52BCD-0E4F-46A5-A866-541E6309B2EA}"
EndProject
Project("{9A19103F-16F7-4668-BE54-9A1E7A4F7556}") = "Payments", "Payments\Payments.csproj", "{F72244D6-ABE6-4F36-B204-C2AC6C3A4044}"
EndProject
Project("{9A19103F-16F7-4668-BE54-9A1E7A4F7556}") = "Reports", "Reports\Reports.csproj", "{94936163-95DA-4F11-8180-5EAFF8E6CED0}"
EndProject
Project("{2150E333-8FDC-42A3-9474-1A3956D46DE8}") = "Enrollment", "Enrollment", "{CCC1714D-8690-4CD4-BCC5-F8B6BB0D3FEE}"
EndProject
Project("{2150E333-8FDC-42A3-9474-1A3956D46DE8}") = "Gateway", "Gateway", "{6C88F8F1-E1DD-484F-B955-EEAEE88C150E}"
EndProject
Project("{2150E333-8FDC-42A3-9474-1A3956D46DE8}") = "Identity", "Identity", "{755D5761-27E0-4213-A91C-152C8BDD01DF}"
EndProject
Project("{2150E333-8FDC-42A3-9474-1A3956D46DE8}") = "Payments", "Payments", "{7ACE1751-D68D-4F4C-A218-72BD551D2932}"
EndProject
Project("{2150E333-8FDC-42A3-9474-1A3956D46DE8}") = "Reports", "Reports", "{2CF9F90D-4781-4B56-9697-3AA5E7E4FCBC}"
EndProject
Project("{2150E333-8FDC-42A3-9474-1A3956D46DE8}") = "Subscription", "Subscription", "{7B93A30A-133A-4CDD-9F67-E9C7C5500C2F}"
EndProject
Project("{9A19103F-16F7-4668-BE54-9A1E7A4F7556}") = "Enrollment.Tests", "EnrollmentTests\Enrollment.Tests.csproj", "{525CDC90-C8AF-485D-AE1D-9927AC05DD0C}"
EndProject
Project("{9A19103F-16F7-4668-BE54-9A1E7A4F7556}") = "Gateway.Tests", "GatewayTests\Gateway.Tests.csproj", "{1BA82639-2392-4D2E-B675-B4ED6E02165C}"
EndProject
Project("{9A19103F-16F7-4668-BE54-9A1E7A4F7556}") = "Identity.Tests", "Identity.Tests\Identity.Tests.csproj", "{636D3EF7-6492-438D-AB53-82A9F61944F9}"
EndProject
Project("{FAE04EC0-301F-11D3-BF4B-00C04F79EFBC}") = "Payments.Tests", "Payments.Tests\Payments.Tests.csproj", "{878F5DB2-1670-454D-B5CA-51C8D23B8048}"
EndProject
Project("{FAE04EC0-301F-11D3-BF4B-00C04F79EFBC}") = "Reports.Tests", "Reports.Tests\Reports.Tests.csproj", "{6559F218-2846-428B-87E1-0173FAA8D039}"
EndProject
Project("{FAE04EC0-301F-11D3-BF4B-00C04F79EFBC}") = "Subscription.Tests", "Subscription.Tests\Subscription.Tests.csproj", "{922E1511-5629-4F9E-9C6C-22F374A500CF}"
EndProject
Project("{2150E333-8FDC-42A3-9474-1A3956D46DE8}") = "BackEnd", "BackEnd", "{72DB798A-9110-4D6C-935E-95AB00A55861}"
EndProject
Project("{2150E333-8FDC-42A3-9474-1A3956D46DE8}") = "FrontEnd", "FrontEnd", "{2D00BF4E-99EB-4E3D-955C-A207C1188523}"
EndProject
Project("{2150E333-8FDC-42A3-9474-1A3956D46DE8}") = "MVC", "MVC", "{360E3F2F-EBB5-4E83-861C-F8F9829D03CE}"
EndProject
Project("{FAE04EC0-301F-11D3-BF4B-00C04F79EFBC}") = "University.Web", "University.Web\University.Web.csproj", "{0021DA45-627C-463D-A641-2D233934F8EE}"
EndProject
Project("{2150E333-8FDC-42A3-9474-1A3956D46DE8}") = "React", "React", "{F2DAAC69-0BE1-45E1-B01C-BF565D80E068}"
EndProject
Project("{2150E333-8FDC-42A3-9474-1A3956D46DE8}") = "Core", "Core", "{847EF7B8-7F89-4D99-83F3-AB3C0D120AE5}"
EndProject
Project("{FAE04EC0-301F-11D3-BF4B-00C04F79EFBC}") = "Core", "Core\Core.csproj", "{5C1D2355-F9C4-4A0E-8753-A518A674829B}"
EndProject
Global
	GlobalSection(SolutionConfigurationPlatforms) = preSolution
		Debug|Any CPU = Debug|Any CPU
		Release|Any CPU = Release|Any CPU
	EndGlobalSection
	GlobalSection(ProjectConfigurationPlatforms) = postSolution
		{7FDC7D92-4CF0-47C4-AFDD-E97FA690FC97}.Debug|Any CPU.ActiveCfg = Debug|Any CPU
		{7FDC7D92-4CF0-47C4-AFDD-E97FA690FC97}.Debug|Any CPU.Build.0 = Debug|Any CPU
		{7FDC7D92-4CF0-47C4-AFDD-E97FA690FC97}.Release|Any CPU.ActiveCfg = Release|Any CPU
		{7FDC7D92-4CF0-47C4-AFDD-E97FA690FC97}.Release|Any CPU.Build.0 = Release|Any CPU
		{93582305-4D25-48E0-AF53-CFC019B5BC9E}.Debug|Any CPU.ActiveCfg = Debug|Any CPU
		{93582305-4D25-48E0-AF53-CFC019B5BC9E}.Debug|Any CPU.Build.0 = Debug|Any CPU
		{93582305-4D25-48E0-AF53-CFC019B5BC9E}.Release|Any CPU.ActiveCfg = Release|Any CPU
		{93582305-4D25-48E0-AF53-CFC019B5BC9E}.Release|Any CPU.Build.0 = Release|Any CPU
		{AD1CC8D2-C0C0-4E4F-BB3B-0012ECFB2177}.Debug|Any CPU.ActiveCfg = Debug|Any CPU
		{AD1CC8D2-C0C0-4E4F-BB3B-0012ECFB2177}.Debug|Any CPU.Build.0 = Debug|Any CPU
		{AD1CC8D2-C0C0-4E4F-BB3B-0012ECFB2177}.Release|Any CPU.ActiveCfg = Release|Any CPU
		{AD1CC8D2-C0C0-4E4F-BB3B-0012ECFB2177}.Release|Any CPU.Build.0 = Release|Any CPU
		{A9D52BCD-0E4F-46A5-A866-541E6309B2EA}.Debug|Any CPU.ActiveCfg = Debug|Any CPU
		{A9D52BCD-0E4F-46A5-A866-541E6309B2EA}.Debug|Any CPU.Build.0 = Debug|Any CPU
		{A9D52BCD-0E4F-46A5-A866-541E6309B2EA}.Release|Any CPU.ActiveCfg = Release|Any CPU
		{A9D52BCD-0E4F-46A5-A866-541E6309B2EA}.Release|Any CPU.Build.0 = Release|Any CPU
		{F72244D6-ABE6-4F36-B204-C2AC6C3A4044}.Debug|Any CPU.ActiveCfg = Debug|Any CPU
		{F72244D6-ABE6-4F36-B204-C2AC6C3A4044}.Debug|Any CPU.Build.0 = Debug|Any CPU
		{F72244D6-ABE6-4F36-B204-C2AC6C3A4044}.Release|Any CPU.ActiveCfg = Release|Any CPU
		{F72244D6-ABE6-4F36-B204-C2AC6C3A4044}.Release|Any CPU.Build.0 = Release|Any CPU
		{94936163-95DA-4F11-8180-5EAFF8E6CED0}.Debug|Any CPU.ActiveCfg = Debug|Any CPU
		{94936163-95DA-4F11-8180-5EAFF8E6CED0}.Debug|Any CPU.Build.0 = Debug|Any CPU
		{94936163-95DA-4F11-8180-5EAFF8E6CED0}.Release|Any CPU.ActiveCfg = Release|Any CPU
		{94936163-95DA-4F11-8180-5EAFF8E6CED0}.Release|Any CPU.Build.0 = Release|Any CPU
		{525CDC90-C8AF-485D-AE1D-9927AC05DD0C}.Debug|Any CPU.ActiveCfg = Debug|Any CPU
		{525CDC90-C8AF-485D-AE1D-9927AC05DD0C}.Debug|Any CPU.Build.0 = Debug|Any CPU
		{525CDC90-C8AF-485D-AE1D-9927AC05DD0C}.Release|Any CPU.ActiveCfg = Release|Any CPU
		{525CDC90-C8AF-485D-AE1D-9927AC05DD0C}.Release|Any CPU.Build.0 = Release|Any CPU
		{1BA82639-2392-4D2E-B675-B4ED6E02165C}.Debug|Any CPU.ActiveCfg = Debug|Any CPU
		{1BA82639-2392-4D2E-B675-B4ED6E02165C}.Debug|Any CPU.Build.0 = Debug|Any CPU
		{1BA82639-2392-4D2E-B675-B4ED6E02165C}.Release|Any CPU.ActiveCfg = Release|Any CPU
		{1BA82639-2392-4D2E-B675-B4ED6E02165C}.Release|Any CPU.Build.0 = Release|Any CPU
		{636D3EF7-6492-438D-AB53-82A9F61944F9}.Debug|Any CPU.ActiveCfg = Debug|Any CPU
		{636D3EF7-6492-438D-AB53-82A9F61944F9}.Debug|Any CPU.Build.0 = Debug|Any CPU
		{636D3EF7-6492-438D-AB53-82A9F61944F9}.Release|Any CPU.ActiveCfg = Release|Any CPU
		{636D3EF7-6492-438D-AB53-82A9F61944F9}.Release|Any CPU.Build.0 = Release|Any CPU
		{878F5DB2-1670-454D-B5CA-51C8D23B8048}.Debug|Any CPU.ActiveCfg = Debug|Any CPU
		{878F5DB2-1670-454D-B5CA-51C8D23B8048}.Debug|Any CPU.Build.0 = Debug|Any CPU
		{878F5DB2-1670-454D-B5CA-51C8D23B8048}.Release|Any CPU.ActiveCfg = Release|Any CPU
		{878F5DB2-1670-454D-B5CA-51C8D23B8048}.Release|Any CPU.Build.0 = Release|Any CPU
		{6559F218-2846-428B-87E1-0173FAA8D039}.Debug|Any CPU.ActiveCfg = Debug|Any CPU
		{6559F218-2846-428B-87E1-0173FAA8D039}.Debug|Any CPU.Build.0 = Debug|Any CPU
		{6559F218-2846-428B-87E1-0173FAA8D039}.Release|Any CPU.ActiveCfg = Release|Any CPU
		{6559F218-2846-428B-87E1-0173FAA8D039}.Release|Any CPU.Build.0 = Release|Any CPU
		{922E1511-5629-4F9E-9C6C-22F374A500CF}.Debug|Any CPU.ActiveCfg = Debug|Any CPU
		{922E1511-5629-4F9E-9C6C-22F374A500CF}.Debug|Any CPU.Build.0 = Debug|Any CPU
		{922E1511-5629-4F9E-9C6C-22F374A500CF}.Release|Any CPU.ActiveCfg = Release|Any CPU
		{922E1511-5629-4F9E-9C6C-22F374A500CF}.Release|Any CPU.Build.0 = Release|Any CPU
		{0021DA45-627C-463D-A641-2D233934F8EE}.Debug|Any CPU.ActiveCfg = Debug|Any CPU
		{0021DA45-627C-463D-A641-2D233934F8EE}.Debug|Any CPU.Build.0 = Debug|Any CPU
		{0021DA45-627C-463D-A641-2D233934F8EE}.Release|Any CPU.ActiveCfg = Release|Any CPU
		{0021DA45-627C-463D-A641-2D233934F8EE}.Release|Any CPU.Build.0 = Release|Any CPU
		{5C1D2355-F9C4-4A0E-8753-A518A674829B}.Debug|Any CPU.ActiveCfg = Debug|Any CPU
		{5C1D2355-F9C4-4A0E-8753-A518A674829B}.Debug|Any CPU.Build.0 = Debug|Any CPU
		{5C1D2355-F9C4-4A0E-8753-A518A674829B}.Release|Any CPU.ActiveCfg = Release|Any CPU
		{5C1D2355-F9C4-4A0E-8753-A518A674829B}.Release|Any CPU.Build.0 = Release|Any CPU
	EndGlobalSection
	GlobalSection(SolutionProperties) = preSolution
		HideSolutionNode = FALSE
	EndGlobalSection
	GlobalSection(NestedProjects) = preSolution
		{7FDC7D92-4CF0-47C4-AFDD-E97FA690FC97} = {6C88F8F1-E1DD-484F-B955-EEAEE88C150E}
		{93582305-4D25-48E0-AF53-CFC019B5BC9E} = {755D5761-27E0-4213-A91C-152C8BDD01DF}
		{AD1CC8D2-C0C0-4E4F-BB3B-0012ECFB2177} = {CCC1714D-8690-4CD4-BCC5-F8B6BB0D3FEE}
		{A9D52BCD-0E4F-46A5-A866-541E6309B2EA} = {7B93A30A-133A-4CDD-9F67-E9C7C5500C2F}
		{F72244D6-ABE6-4F36-B204-C2AC6C3A4044} = {7ACE1751-D68D-4F4C-A218-72BD551D2932}
		{94936163-95DA-4F11-8180-5EAFF8E6CED0} = {2CF9F90D-4781-4B56-9697-3AA5E7E4FCBC}
		{CCC1714D-8690-4CD4-BCC5-F8B6BB0D3FEE} = {72DB798A-9110-4D6C-935E-95AB00A55861}
		{6C88F8F1-E1DD-484F-B955-EEAEE88C150E} = {72DB798A-9110-4D6C-935E-95AB00A55861}
		{755D5761-27E0-4213-A91C-152C8BDD01DF} = {72DB798A-9110-4D6C-935E-95AB00A55861}
		{7ACE1751-D68D-4F4C-A218-72BD551D2932} = {72DB798A-9110-4D6C-935E-95AB00A55861}
		{2CF9F90D-4781-4B56-9697-3AA5E7E4FCBC} = {72DB798A-9110-4D6C-935E-95AB00A55861}
		{7B93A30A-133A-4CDD-9F67-E9C7C5500C2F} = {72DB798A-9110-4D6C-935E-95AB00A55861}
		{525CDC90-C8AF-485D-AE1D-9927AC05DD0C} = {CCC1714D-8690-4CD4-BCC5-F8B6BB0D3FEE}
		{1BA82639-2392-4D2E-B675-B4ED6E02165C} = {6C88F8F1-E1DD-484F-B955-EEAEE88C150E}
		{636D3EF7-6492-438D-AB53-82A9F61944F9} = {755D5761-27E0-4213-A91C-152C8BDD01DF}
		{878F5DB2-1670-454D-B5CA-51C8D23B8048} = {7ACE1751-D68D-4F4C-A218-72BD551D2932}
		{6559F218-2846-428B-87E1-0173FAA8D039} = {2CF9F90D-4781-4B56-9697-3AA5E7E4FCBC}
		{922E1511-5629-4F9E-9C6C-22F374A500CF} = {7B93A30A-133A-4CDD-9F67-E9C7C5500C2F}
		{360E3F2F-EBB5-4E83-861C-F8F9829D03CE} = {2D00BF4E-99EB-4E3D-955C-A207C1188523}
		{0021DA45-627C-463D-A641-2D233934F8EE} = {360E3F2F-EBB5-4E83-861C-F8F9829D03CE}
		{F2DAAC69-0BE1-45E1-B01C-BF565D80E068} = {2D00BF4E-99EB-4E3D-955C-A207C1188523}
		{847EF7B8-7F89-4D99-83F3-AB3C0D120AE5} = {72DB798A-9110-4D6C-935E-95AB00A55861}
		{5C1D2355-F9C4-4A0E-8753-A518A674829B} = {847EF7B8-7F89-4D99-83F3-AB3C0D120AE5}
	EndGlobalSection
	GlobalSection(ExtensibilityGlobals) = postSolution
		SolutionGuid = {58DAFCCE-BCC0-4B36-8522-F07A92E7A019}
	EndGlobalSection
EndGlobal
